
Microsoft Visual Studio Solution File, Format Version 11.00
# Visual Studio 2010
Project("{FAE04EC0-301F-11D3-BF4B-00C04F79EFBC}") = "Assembly-CSharp", "Assembly-CSharp.csproj", "{D0F67629-37DB-92F0-AC04-95884916DC81}"
EndProject
Project("{FAE04EC0-301F-11D3-BF4B-00C04F79EFBC}") = "FangAutoTile", "FangAutoTile.csproj", "{C35F6AE0-8ABE-DC1D-64CB-DB8BCF60C355}"
EndProject
Project("{FAE04EC0-301F-11D3-BF4B-00C04F79EFBC}") = "Assembly-CSharp-Editor", "Assembly-CSharp-Editor.csproj", "{A4CA3869-B6E3-D276-C915-98BECC4856C4}"
EndProject
Project("{FAE04EC0-301F-11D3-BF4B-00C04F79EFBC}") = "FangAutoTile.Editor", "FangAutoTile.Editor.csproj", "{EB698A18-A222-2D4D-1D87-D8C8F1D95291}"
EndProject
Global
	GlobalSection(SolutionConfigurationPlatforms) = preSolution
		Debug|Any CPU = Debug|Any CPU
		Release|Any CPU = Release|Any CPU
	EndGlobalSection
	GlobalSection(ProjectConfigurationPlatforms) = postSolution
		{D0F67629-37DB-92F0-AC04-95884916DC81}.Debug|Any CPU.ActiveCfg = Debug|Any CPU
		{D0F67629-37DB-92F0-AC04-95884916DC81}.Debug|Any CPU.Build.0 = Debug|Any CPU
		{D0F67629-37DB-92F0-AC04-95884916DC81}.Release|Any CPU.ActiveCfg = Release|Any CPU
		{D0F67629-37DB-92F0-AC04-95884916DC81}.Release|Any CPU.Build.0 = Release|Any CPU
		{C35F6AE0-8ABE-DC1D-64CB-DB8BCF60C355}.Debug|Any CPU.ActiveCfg = Debug|Any CPU
		{C35F6AE0-8ABE-DC1D-64CB-DB8BCF60C355}.Debug|Any CPU.Build.0 = Debug|Any CPU
		{C35F6AE0-8ABE-DC1D-64CB-DB8BCF60C355}.Release|Any CPU.ActiveCfg = Release|Any CPU
		{C35F6AE0-8ABE-DC1D-64CB-DB8BCF60C355}.Release|Any CPU.Build.0 = Release|Any CPU
		{A4CA3869-B6E3-D276-C915-98BECC4856C4}.Debug|Any CPU.ActiveCfg = Debug|Any CPU
		{A4CA3869-B6E3-D276-C915-98BECC4856C4}.Debug|Any CPU.Build.0 = Debug|Any CPU
		{A4CA3869-B6E3-D276-C915-98BECC4856C4}.Release|Any CPU.ActiveCfg = Release|Any CPU
		{A4CA3869-B6E3-D276-C915-98BECC4856C4}.Release|Any CPU.Build.0 = Release|Any CPU
		{EB698A18-A222-2D4D-1D87-D8C8F1D95291}.Debug|Any CPU.ActiveCfg = Debug|Any CPU
		{EB698A18-A222-2D4D-1D87-D8C8F1D95291}.Debug|Any CPU.Build.0 = Debug|Any CPU
		{EB698A18-A222-2D4D-1D87-D8C8F1D95291}.Release|Any CPU.ActiveCfg = Release|Any CPU
		{EB698A18-A222-2D4D-1D87-D8C8F1D95291}.Release|Any CPU.Build.0 = Release|Any CPU
	EndGlobalSection
	GlobalSection(SolutionProperties) = preSolution
		HideSolutionNode = FALSE
	EndGlobalSection
EndGlobal
